lockfileVersion: 5.4

specifiers:
  guy: ^11.10.1
  moonriver: ^1.1.1

dependencies:
  guy: 11.10.1
  moonriver: 1.1.1

packages:

  /cnd/9.2.2:
    resolution: {integrity: sha512-F+/H+7luk4fZkvN0+MT0I2nwn80YM/EtfMttNUFxENR50XJH4g0KgQevzeyEJ8B6t6l8Tb4Xti6QAksa8DmePA==}
    hasBin: true
    dependencies:
      jsx-number-format: 0.1.5
    dev: false

  /cnd/9.2.3:
    resolution: {integrity: sha512-CdgrCS/KS2p5TvvtpjiG+sCdAkqCDBHcmUBKGGH8owlJ5/DMZAcbJ6PDJFMUOhL+y2jzdDVl0OeMUrh1Fd1LOQ==}
    hasBin: true
    dependencies:
      jsx-number-format: 0.1.5
    dev: false

  /guy/11.10.1:
    resolution: {integrity: sha512-8NC314Iwba0ltCAcXd92NdyZ9kEZ2B72tfHkdWBbunf0Ax6sMnm/POSKHQNgxkqIB3gDBt6BzilhqretaCk4rA==}
    peerDependencies:
      acorn: ^8.7.1
      acorn-loose: ^8.3.0
      acorn-walk: ^8.2.0
      astring: ^1.8.3
      tmp: ^0.2.1
    dependencies:
      intertype-legacy: 7.7.1
      letsfreezethat: 3.1.0
    dev: false

  /guy/4.1.1:
    resolution: {integrity: sha512-UbgOt6JBt+OVR7FJ8Rj9B6M5o6Hllmsu8YDn3Vv6A5J8sI7JhfXOsDbdo60QpvbU8ocSk7/bUrn5KgpcokwxPw==}
    peerDependencies:
      exit-hook: 2.2.1
    dependencies:
      cnd: 9.2.2
      intertype: 7.6.7
      letsfreezethat: 3.1.0
    dev: false

  /intertype-legacy/7.7.1:
    resolution: {integrity: sha512-Bj3k9bCu8vA6JLIvnCrJXOdkecgY5wtCmORclJ87uq22N53swREHT5bezSeK5TwcxgSJEDg2wEfcn4kNr9Qv8A==}
    dependencies:
      multimix: 5.0.0
    dev: false

  /intertype/7.6.7:
    resolution: {integrity: sha512-vBgYabqxX3fLa9f0Z3QeXgYszadAGdAHXdLcdQc5ZxZSG5CmbJCdYcudZLYtgmNo8epQag8zzyg7wwx+OD5J8g==}
    dependencies:
      multimix: 5.0.0
    dev: false

  /intertype/7.7.1:
    resolution: {integrity: sha512-GgGJYdbHaZ5AM4TvxzXSfkgFwAIEl6w3yIFiDY15uc85W41YfSRL0vNuO68tjNQ3gNIJ+U+xOYA8cw9NN8j0JQ==}
    dependencies:
      multimix: 5.0.0
    dev: false

  /jsx-number-format/0.1.5:
    resolution: {integrity: sha512-eS1SvW5Lm+UQOrpxqtTF6NgPDupYlCV1GXJr+f/1yp+nwQH/4qW6XarwCcdphQjNHrJFC4ko2MgRyRDS/ypqZw==}
    dev: false

  /letsfreezethat/3.1.0:
    resolution: {integrity: sha512-jJ1nvvQi6unW0WifjNPMIb64Byom0EXzSKWFYA++EpyjK3qv1J2pqeSoEJ61tGJoNG0GoNjPoeLYhxW16riZaA==}
    dev: false

  /moonriver/1.1.1:
    resolution: {integrity: sha512-ym4zurKT/E1bKU/+TaAjWQJkKzCXMBjtDalvhQby/xQ5IEOCfpZeEKCJf38tZwyuTVFu4NCxT5vjkWNYM7r0PA==}
    dependencies:
      cnd: 9.2.3
      guy: 4.1.1
      intertype: 7.7.1
    transitivePeerDependencies:
      - exit-hook
    dev: false

  /multimix/5.0.0:
    resolution: {integrity: sha512-N9cdGSDDD7kxOV7R6e4iZqsHTZ4F4iiSDWqMcVqx4gEH6HBtRXav39Gj3fgT1YqvBcwPCQuf0Oa5R2cDaLWK8A==}
    dev: false
